
Microsoft Visual Studio Solution File, Format Version 12.00
# Visual Studio Version 16
VisualStudioVersion = 16.0.30114.105
MinimumVisualStudioVersion = 10.0.40219.1
Project("{FAE04EC0-301F-11D3-BF4B-00C04F79EFBC}") = "TestProject", "TestProject\TestProject.csproj", "{049E2DE4-4CE3-40A1-82FF-C3A9CFBE074F}"
EndProject
Project("{FAE04EC0-301F-11D3-BF4B-00C04F79EFBC}") = "lab13", "MainProgram\lab13.csproj", "{F6165996-02DB-4AE9-B7F2-4FA42D3FA01A}"
EndProject
Global
	GlobalSection(SolutionConfigurationPlatforms) = preSolution
		Debug|Any CPU = Debug|Any CPU
		Release|Any CPU = Release|Any CPU
	EndGlobalSection
	GlobalSection(SolutionProperties) = preSolution
		HideSolutionNode = FALSE
	EndGlobalSection
	GlobalSection(ProjectConfigurationPlatforms) = postSolution
		{049E2DE4-4CE3-40A1-82FF-C3A9CFBE074F}.Debug|Any CPU.ActiveCfg = Debug|Any CPU
		{049E2DE4-4CE3-40A1-82FF-C3A9CFBE074F}.Debug|Any CPU.Build.0 = Debug|Any CPU
		{049E2DE4-4CE3-40A1-82FF-C3A9CFBE074F}.Release|Any CPU.ActiveCfg = Release|Any CPU
		{049E2DE4-4CE3-40A1-82FF-C3A9CFBE074F}.Release|Any CPU.Build.0 = Release|Any CPU
		{F6165996-02DB-4AE9-B7F2-4FA42D3FA01A}.Debug|Any CPU.ActiveCfg = Debug|Any CPU
		{F6165996-02DB-4AE9-B7F2-4FA42D3FA01A}.Debug|Any CPU.Build.0 = Debug|Any CPU
		{F6165996-02DB-4AE9-B7F2-4FA42D3FA01A}.Release|Any CPU.ActiveCfg = Release|Any CPU
		{F6165996-02DB-4AE9-B7F2-4FA42D3FA01A}.Release|Any CPU.Build.0 = Release|Any CPU
	EndGlobalSection
EndGlobal
